// !$*UTF8*$!
{
	archiveVersion = 1;
	classes = {
	};
	objectVersion = 48;
	objects = {

/* Begin PBXBuildFile section */
		FCEA2B55205610350031BAC9 /* AppDelegate.swift in Sources */ = {isa = PBXBuildFile; fileRef = FCEA2B54205610350031BAC9 /* AppDelegate.swift */; };
		FCEA2B57205610350031BAC9 /* ViewController.swift in Sources */ = {isa = PBXBuildFile; fileRef = FCEA2B56205610350031BAC9 /* ViewController.swift */; };
		FCEA2B5A205610350031BAC9 /* Main.storyboard in Resources */ = {isa = PBXBuildFile; fileRef = FCEA2B58205610350031BAC9 /* Main.storyboard */; };
		FCEA2B5C205610350031BAC9 /* Assets.xcassets in Resources */ = {isa = PBXBuildFile; fileRef = FCEA2B5B205610350031BAC9 /* Assets.xcassets */; };
		FCEA2B5F205610350031BAC9 /* LaunchScreen.storyboard in Resources */ = {isa = PBXBuildFile; fileRef = FCEA2B5D205610350031BAC9 /* LaunchScreen.storyboard */; };
		FCEA2B6A205610350031BAC9 /* todoAppTests.swift in Sources */ = {isa = PBXBuildFile; fileRef = FCEA2B69205610350031BAC9 /* todoAppTests.swift */; };
		FCEA2B75205610350031BAC9 /* todoAppUITests.swift in Sources */ = {isa = PBXBuildFile; fileRef = FCEA2B74205610350031BAC9 /* todoAppUITests.swift */; };
		FCEA2B832056117D0031BAC9 /* todoAlgo.swift in Sources */ = {isa = PBXBuildFile; fileRef = FCEA2B822056117D0031BAC9 /* todoAlgo.swift */; };
		FCF23698205CA93F00A90038 /* todoTest.swift in Sources */ = {isa = PBXBuildFile; fileRef = FCF23697205CA93F00A90038 /* todoTest.swift */; };
/* End PBXBuildFile section */

/* Begin PBXContainerItemProxy section */
		FCEA2B66205610350031BAC9 /* PBXContainerItemProxy */ = {
			isa = PBXContainerItemProxy;
			containerPortal = FCEA2B49205610340031BAC9 /* Project object */;
			proxyType = 1;
			remoteGlobalIDString = FCEA2B50205610340031BAC9;
			remoteInfo = todoApp;
		};
		FCEA2B71205610350031BAC9 /* PBXContainerItemProxy */ = {
			isa = PBXContainerItemProxy;
			containerPortal = FCEA2B49205610340031BAC9 /* Project object */;
			proxyType = 1;
			remoteGlobalIDString = FCEA2B50205610340031BAC9;
			remoteInfo = todoApp;
		};
/* End PBXContainerItemProxy section */

/* Begin PBXFileReference section */
		FCEA2B51205610340031BAC9 /* todoApp.app */ = {isa = PBXFileReference; explicitFileType = wrapper.application; includeInIndex = 0; path = todoApp.app; sourceTree = BUILT_PRODUCTS_DIR; };
		FCEA2B54205610350031BAC9 /* AppDelegate.swift */ = {isa = PBXFileReference; lastKnownFileType = sourcecode.swift; path = AppDelegate.swift; sourceTree = "<group>"; };
		FCEA2B56205610350031BAC9 /* ViewController.swift */ = {isa = PBXFileReference; lastKnownFileType = sourcecode.swift; path = ViewController.swift; sourceTree = "<group>"; };
		FCEA2B59205610350031BAC9 /* Base */ = {isa = PBXFileReference; lastKnownFileType = file.storyboard; name = Base; path = Base.lproj/Main.storyboard; sourceTree = "<group>"; };
		FCEA2B5B205610350031BAC9 /* Assets.xcassets */ = {isa = PBXFileReference; lastKnownFileType = folder.assetcatalog; path = Assets.xcassets; sourceTree = "<group>"; };
		FCEA2B5E205610350031BAC9 /* Base */ = {isa = PBXFileReference; lastKnownFileType = file.storyboard; name = Base; path = Base.lproj/LaunchScreen.storyboard; sourceTree = "<group>"; };
		FCEA2B60205610350031BAC9 /* Info.plist */ = {isa = PBXFileReference; lastKnownFileType = text.plist.xml; path = Info.plist; sourceTree = "<group>"; };
		FCEA2B65205610350031BAC9 /* todoAppTests.xctest */ = {isa = PBXFileReference; explicitFileType = wrapper.cfbundle; includeInIndex = 0; path = todoAppTests.xctest; sourceTree = BUILT_PRODUCTS_DIR; };
		FCEA2B69205610350031BAC9 /* todoAppTests.swift */ = {isa = PBXFileReference; lastKnownFileType = sourcecode.swift; path = todoAppTests.swift; sourceTree = "<group>"; };
		FCEA2B6B205610350031BAC9 /* Info.plist */ = {isa = PBXFileReference; lastKnownFileType = text.plist.xml; path = Info.plist; sourceTree = "<group>"; };
		FCEA2B70205610350031BAC9 /* todoAppUITests.xctest */ = {isa = PBXFileReference; explicitFileType = wrapper.cfbundle; includeInIndex = 0; path = todoAppUITests.xctest; sourceTree = BUILT_PRODUCTS_DIR; };
		FCEA2B74205610350031BAC9 /* todoAppUITests.swift */ = {isa = PBXFileReference; lastKnownFileType = sourcecode.swift; path = todoAppUITests.swift; sourceTree = "<group>"; };
		FCEA2B76205610350031BAC9 /* Info.plist */ = {isa = PBXFileReference; lastKnownFileType = text.plist.xml; path = Info.plist; sourceTree = "<group>"; };
		FCEA2B822056117D0031BAC9 /* todoAlgo.swift */ = {isa = PBXFileReference; lastKnownFileType = sourcecode.swift; path = todoAlgo.swift; sourceTree = "<group>"; };
		FCF23697205CA93F00A90038 /* todoTest.swift */ = {isa = PBXFileReference; lastKnownFileType = sourcecode.swift; path = todoTest.swift; sourceTree = "<group>"; };
/* End PBXFileReference section */

/* Begin PBXFrameworksBuildPhase section */
		FCEA2B4E205610340031BAC9 /* Frameworks */ = {
			isa = PBXFrameworksBuildPhase;
			buildActionMask = 2147483647;
			files = (
			);
			runOnlyForDeploymentPostprocessing = 0;
		};
		FCEA2B62205610350031BAC9 /* Frameworks */ = {
			isa = PBXFrameworksBuildPhase;
			buildActionMask = 2147483647;
			files = (
			);
			runOnlyForDeploymentPostprocessing = 0;
		};
		FCEA2B6D205610350031BAC9 /* Frameworks */ = {
			isa = PBXFrameworksBuildPhase;
			buildActionMask = 2147483647;
			files = (
			);
			runOnlyForDeploymentPostprocessing = 0;
		};
/* End PBXFrameworksBuildPhase section */

/* Begin PBXGroup section */
		FCEA2B48205610340031BAC9 = {
			isa = PBXGroup;
			children = (
				FCEA2B53205610340031BAC9 /* todoApp */,
				FCEA2B68205610350031BAC9 /* todoAppTests */,
				FCEA2B73205610350031BAC9 /* todoAppUITests */,
				FCEA2B52205610340031BAC9 /* Products */,
			);
			sourceTree = "<group>";
		};
		FCEA2B52205610340031BAC9 /* Products */ = {
			isa = PBXGroup;
			children = (
				FCEA2B51205610340031BAC9 /* todoApp.app */,
				FCEA2B65205610350031BAC9 /* todoAppTests.xctest */,
				FCEA2B70205610350031BAC9 /* todoAppUITests.xctest */,
			);
			name = Products;
			sourceTree = "<group>";
		};
		FCEA2B53205610340031BAC9 /* todoApp */ = {
			isa = PBXGroup;
			children = (
				FCEA2B54205610350031BAC9 /* AppDelegate.swift */,
				FCEA2B56205610350031BAC9 /* ViewController.swift */,
				FCEA2B58205610350031BAC9 /* Main.storyboard */,
				FCEA2B5B205610350031BAC9 /* Assets.xcassets */,
				FCEA2B5D205610350031BAC9 /* LaunchScreen.storyboard */,
				FCEA2B60205610350031BAC9 /* Info.plist */,
				FCEA2B822056117D0031BAC9 /* todoAlgo.swift */,
			);
			path = todoApp;
			sourceTree = "<group>";
		};
		FCEA2B68205610350031BAC9 /* todoAppTests */ = {
			isa = PBXGroup;
			children = (
				FCEA2B69205610350031BAC9 /* todoAppTests.swift */,
				FCEA2B6B205610350031BAC9 /* Info.plist */,
				FCF23697205CA93F00A90038 /* todoTest.swift */,
			);
			path = todoAppTests;
			sourceTree = "<group>";
		};
		FCEA2B73205610350031BAC9 /* todoAppUITests */ = {
			isa = PBXGroup;
			children = (
				FCEA2B74205610350031BAC9 /* todoAppUITests.swift */,
				FCEA2B76205610350031BAC9 /* Info.plist */,
			);
			path = todoAppUITests;
			sourceTree = "<group>";
		};
/* End PBXGroup section */

/* Begin PBXNativeTarget section */
		FCEA2B50205610340031BAC9 /* todoApp */ = {
			isa = PBXNativeTarget;
			buildConfigurationList = FCEA2B79205610350031BAC9 /* Build configuration list for PBXNativeTarget "todoApp" */;
			buildPhases = (
				FCEA2B4D205610340031BAC9 /* Sources */,
				FCEA2B4E205610340031BAC9 /* Frameworks */,
				FCEA2B4F205610340031BAC9 /* Resources */,
			);
			buildRules = (
			);
			dependencies = (
			);
			name = todoApp;
			productName = todoApp;
			productReference = FCEA2B51205610340031BAC9 /* todoApp.app */;
			productType = "com.apple.product-type.application";
		};
		FCEA2B64205610350031BAC9 /* todoAppTests */ = {
			isa = PBXNativeTarget;
			buildConfigurationList = FCEA2B7C205610350031BAC9 /* Build configuration list for PBXNativeTarget "todoAppTests" */;
			buildPhases = (
				FCEA2B61205610350031BAC9 /* Sources */,
				FCEA2B62205610350031BAC9 /* Frameworks */,
				FCEA2B63205610350031BAC9 /* Resources */,
			);
			buildRules = (
			);
			dependencies = (
				FCEA2B67205610350031BAC9 /* PBXTargetDependency */,
			);
			name = todoAppTests;
			productName = todoAppTests;
			productReference = FCEA2B65205610350031BAC9 /* todoAppTests.xctest */;
			productType = "com.apple.product-type.bundle.unit-test";
		};
		FCEA2B6F205610350031BAC9 /* todoAppUITests */ = {
			isa = PBXNativeTarget;
			buildConfigurationList = FCEA2B7F205610350031BAC9 /* Build configuration list for PBXNativeTarget "todoAppUITests" */;
			buildPhases = (
				FCEA2B6C205610350031BAC9 /* Sources */,
				FCEA2B6D205610350031BAC9 /* Frameworks */,
				FCEA2B6E205610350031BAC9 /* Resources */,
			);
			buildRules = (
			);
			dependencies = (
				FCEA2B72205610350031BAC9 /* PBXTargetDependency */,
			);
			name = todoAppUITests;
			productName = todoAppUITests;
			productReference = FCEA2B70205610350031BAC9 /* todoAppUITests.xctest */;
			productType = "com.apple.product-type.bundle.ui-testing";
		};
/* End PBXNativeTarget section */

/* Begin PBXProject section */
		FCEA2B49205610340031BAC9 /* Project object */ = {
			isa = PBXProject;
			attributes = {
				LastSwiftUpdateCheck = 0920;
				LastUpgradeCheck = 0920;
				ORGANIZATIONNAME = "Karan Gupta";
				TargetAttributes = {
					FCEA2B50205610340031BAC9 = {
						CreatedOnToolsVersion = 9.2;
						ProvisioningStyle = Automatic;
					};
					FCEA2B64205610350031BAC9 = {
						CreatedOnToolsVersion = 9.2;
						ProvisioningStyle = Automatic;
						TestTargetID = FCEA2B50205610340031BAC9;
					};
					FCEA2B6F205610350031BAC9 = {
						CreatedOnToolsVersion = 9.2;
						ProvisioningStyle = Automatic;
						TestTargetID = FCEA2B50205610340031BAC9;
					};
				};
			};
			buildConfigurationList = FCEA2B4C205610340031BAC9 /* Build configuration list for PBXProject "todoApp" */;
			compatibilityVersion = "Xcode 8.0";
			developmentRegion = en;
			hasScannedForEncodings = 0;
			knownRegions = (
				en,
				Base,
			);
			mainGroup = FCEA2B48205610340031BAC9;
			productRefGroup = FCEA2B52205610340031BAC9 /* Products */;
			projectDirPath = "";
			projectRoot = "";
			targets = (
				FCEA2B50205610340031BAC9 /* todoApp */,
				FCEA2B64205610350031BAC9 /* todoAppTests */,
				FCEA2B6F205610350031BAC9 /* todoAppUITests */,
			);
		};
/* End PBXProject section */

/* Begin PBXResourcesBuildPhase section */
		FCEA2B4F205610340031BAC9 /* Resources */ = {
			isa = PBXResourcesBuildPhase;
			buildActionMask = 2147483647;
			files = (
				FCEA2B5F205610350031BAC9 /* LaunchScreen.storyboard in Resources */,
				FCEA2B5C205610350031BAC9 /* Assets.xcassets in Resources */,
				FCEA2B5A205610350031BAC9 /* Main.storyboard in Resources */,
			);
			runOnlyForDeploymentPostprocessing = 0;
		};
		FCEA2B63205610350031BAC9 /* Resources */ = {
			isa = PBXResourcesBuildPhase;
			buildActionMask = 2147483647;
			files = (
			);
			runOnlyForDeploymentPostprocessing = 0;
		};
		FCEA2B6E205610350031BAC9 /* Resources */ = {
			isa = PBXResourcesBuildPhase;
			buildActionMask = 2147483647;
			files = (
			);
			runOnlyForDeploymentPostprocessing = 0;
		};
/* End PBXResourcesBuildPhase section */

/* Begin PBXSourcesBuildPhase section */
		FCEA2B4D205610340031BAC9 /* Sources */ = {
			isa = PBXSourcesBuildPhase;
			buildActionMask = 2147483647;
			files = (
				FCEA2B57205610350031BAC9 /* ViewController.swift in Sources */,
				FCEA2B832056117D0031BAC9 /* todoAlgo.swift in Sources */,
				FCEA2B55205610350031BAC9 /* AppDelegate.swift in Sources */,
			);
			runOnlyForDeploymentPostprocessing = 0;
		};
		FCEA2B61205610350031BAC9 /* Sources */ = {
			isa = PBXSourcesBuildPhase;
			buildActionMask = 2147483647;
			files = (
				FCEA2B6A205610350031BAC9 /* todoAppTests.swift in Sources */,
				FCF23698205CA93F00A90038 /* todoTest.swift in Sources */,
			);
			runOnlyForDeploymentPostprocessing = 0;
		};
		FCEA2B6C205610350031BAC9 /* Sources */ = {
			isa = PBXSourcesBuildPhase;
			buildActionMask = 2147483647;
			files = (
				FCEA2B75205610350031BAC9 /* todoAppUITests.swift in Sources */,
			);
			runOnlyForDeploymentPostprocessing = 0;
		};
/* End PBXSourcesBuildPhase section */

/* Begin PBXTargetDependency section */
		FCEA2B67205610350031BAC9 /* PBXTargetDependency */ = {
			isa = PBXTargetDependency;
			target = FCEA2B50205610340031BAC9 /* todoApp */;
			targetProxy = FCEA2B66205610350031BAC9 /* PBXContainerItemProxy */;
		};
		FCEA2B72205610350031BAC9 /* PBXTargetDependency */ = {
			isa = PBXTargetDependency;
			target = FCEA2B50205610340031BAC9 /* todoApp */;
			targetProxy = FCEA2B71205610350031BAC9 /* PBXContainerItemProxy */;
		};
/* End PBXTargetDependency section */

/* Begin PBXVariantGroup section */
		FCEA2B58205610350031BAC9 /* Main.storyboard */ = {
			isa = PBXVariantGroup;
			children = (
				FCEA2B59205610350031BAC9 /* Base */,
			);
			name = Main.storyboard;
			sourceTree = "<group>";
		};
		FCEA2B5D205610350031BAC9 /* LaunchScreen.storyboard */ = {
			isa = PBXVariantGroup;
			children = (
				FCEA2B5E205610350031BAC9 /* Base */,
			);
			name = LaunchScreen.storyboard;
			sourceTree = "<group>";
		};
/* End PBXVariantGroup section */

/* Begin XCBuildConfiguration section */
		FCEA2B77205610350031BAC9 /* Debug */ = {
			isa = XCBuildConfiguration;
			buildSettings = {
				ALWAYS_SEARCH_USER_PATHS = NO;
				CLANG_ANALYZER_NONNULL = YES;
				CLANG_ANALYZER_NUMBER_OBJECT_CONVERSION = YES_AGGRESSIVE;
				CLANG_CXX_LANGUAGE_STANDARD = "gnu++14";
				CLANG_CXX_LIBRARY = "libc++";
				CLANG_ENABLE_MODULES = YES;
				CLANG_ENABLE_OBJC_ARC = YES;
				CLANG_WARN_BLOCK_CAPTURE_AUTORELEASING = YES;
				CLANG_WARN_BOOL_CONVERSION = YES;
				CLANG_WARN_COMMA = YES;
				CLANG_WARN_CONSTANT_CONVERSION = YES;
				CLANG_WARN_DIRECT_OBJC_ISA_USAGE = YES_ERROR;
				CLANG_WARN_DOCUMENTATION_COMMENTS = YES;
				CLANG_WARN_EMPTY_BODY = YES;
				CLANG_WARN_ENUM_CONVERSION = YES;
				CLANG_WARN_INFINITE_RECURSION = YES;
				CLANG_WARN_INT_CONVERSION = YES;
				CLANG_WARN_NON_LITERAL_NULL_CONVERSION = YES;
				CLANG_WARN_OBJC_LITERAL_CONVERSION = YES;
				CLANG_WARN_OBJC_ROOT_CLASS = YES_ERROR;
				CLANG_WARN_RANGE_LOOP_ANALYSIS = YES;
				CLANG_WARN_STRICT_PROTOTYPES = YES;
				CLANG_WARN_SUSPICIOUS_MOVE = YES;
				CLANG_WARN_UNGUARDED_AVAILABILITY = YES_AGGRESSIVE;
				CLANG_WARN_UNREACHABLE_CODE = YES;
				CLANG_WARN__DUPLICATE_METHOD_MATCH = YES;
				CODE_SIGN_IDENTITY = "iPhone Developer";
				COPY_PHASE_STRIP = NO;
				DEBUG_INFORMATION_FORMAT = dwarf;
				ENABLE_STRICT_OBJC_MSGSEND = YES;
				ENABLE_TESTABILITY = YES;
				GCC_C_LANGUAGE_STANDARD = gnu11;
				GCC_DYNAMIC_NO_PIC = NO;
				GCC_NO_COMMON_BLOCKS = YES;
				GCC_OPTIMIZATION_LEVEL = 0;
				GCC_PREPROCESSOR_DEFINITIONS = (
					"DEBUG=1",
					"$(inherited)",
				);
				GCC_WARN_64_TO_32_BIT_CONVERSION = YES;
				GCC_WARN_ABOUT_RETURN_TYPE = YES_ERROR;
				GCC_WARN_UNDECLARED_SELECTOR = YES;
				GCC_WARN_UNINITIALIZED_AUTOS = YES_AGGRESSIVE;
				GCC_WARN_UNUSED_FUNCTION = YES;
				GCC_WARN_UNUSED_VARIABLE = YES;
				IPHONEOS_DEPLOYMENT_TARGET = 11.2;
				MTL_ENABLE_DEBUG_INFO = YES;
				ONLY_ACTIVE_ARCH = YES;
				SDKROOT = iphoneos;
				SWIFT_ACTIVE_COMPILATION_CONDITIONS = DEBUG;
				SWIFT_OPTIMIZATION_LEVEL = "-Onone";
			};
			name = Debug;
		};
		FCEA2B78205610350031BAC9 /* Release */ = {
			isa = XCBuildConfiguration;
			buildSettings = {
				ALWAYS_SEARCH_USER_PATHS = NO;
				CLANG_ANALYZER_NONNULL = YES;
				CLANG_ANALYZER_NUMBER_OBJECT_CONVERSION = YES_AGGRESSIVE;
				CLANG_CXX_LANGUAGE_STANDARD = "gnu++14";
				CLANG_CXX_LIBRARY = "libc++";
				CLANG_ENABLE_MODULES = YES;
				CLANG_ENABLE_OBJC_ARC = YES;
				CLANG_WARN_BLOCK_CAPTURE_AUTORELEASING = YES;
				CLANG_WARN_BOOL_CONVERSION = YES;
				CLANG_WARN_COMMA = YES;
				CLANG_WARN_CONSTANT_CONVERSION = YES;
				CLANG_WARN_DIRECT_OBJC_ISA_USAGE = YES_ERROR;
				CLANG_WARN_DOCUMENTATION_COMMENTS = YES;
				CLANG_WARN_EMPTY_BODY = YES;
				CLANG_WARN_ENUM_CONVERSION = YES;
				CLANG_WARN_INFINITE_RECURSION = YES;
				CLANG_WARN_INT_CONVERSION = YES;
				CLANG_WARN_NON_LITERAL_NULL_CONVERSION = YES;
				CLANG_WARN_OBJC_LITERAL_CONVERSION = YES;
				CLANG_WARN_OBJC_ROOT_CLASS = YES_ERROR;
				CLANG_WARN_RANGE_LOOP_ANALYSIS = YES;
				CLANG_WARN_STRICT_PROTOTYPES = YES;
				CLANG_WARN_SUSPICIOUS_MOVE = YES;
				CLANG_WARN_UNGUARDED_AVAILABILITY = YES_AGGRESSIVE;
				CLANG_WARN_UNREACHABLE_CODE = YES;
				CLANG_WARN__DUPLICATE_METHOD_MATCH = YES;
				CODE_SIGN_IDENTITY = "iPhone Developer";
				COPY_PHASE_STRIP = NO;
				DEBUG_INFORMATION_FORMAT = "dwarf-with-dsym";
				ENABLE_NS_ASSERTIONS = NO;
				ENABLE_STRICT_OBJC_MSGSEND = YES;
				GCC_C_LANGUAGE_STANDARD = gnu11;
				GCC_NO_COMMON_BLOCKS = YES;
				GCC_WARN_64_TO_32_BIT_CONVERSION = YES;
				GCC_WARN_ABOUT_RETURN_TYPE = YES_ERROR;
				GCC_WARN_UNDECLARED_SELECTOR = YES;
				GCC_WARN_UNINITIALIZED_AUTOS = YES_AGGRESSIVE;
				GCC_WARN_UNUSED_FUNCTION = YES;
				GCC_WARN_UNUSED_VARIABLE = YES;
				IPHONEOS_DEPLOYMENT_TARGET = 11.2;
				MTL_ENABLE_DEBUG_INFO = NO;
				SDKROOT = iphoneos;
				SWIFT_OPTIMIZATION_LEVEL = "-Owholemodule";
				VALIDATE_PRODUCT = YES;
			};
			name = Release;
		};
		FCEA2B7A205610350031BAC9 /* Debug */ = {
			isa = XCBuildConfiguration;
			buildSettings = {
				ASSETCATALOG_COMPILER_APPICON_NAME = AppIcon;
				CODE_SIGN_STYLE = Automatic;
				INFOPLIST_FILE = todoApp/Info.plist;
				LD_RUNPATH_SEARCH_PATHS = "$(inherited) @executable_path/Frameworks";
				PRODUCT_BUNDLE_IDENTIFIER = com.KaranGupta.todoApp;
				PRODUCT_NAME = "$(TARGET_NAME)";
				SWIFT_VERSION = 4.0;
				TARGETED_DEVICE_FAMILY = "1,2";
			};
			name = Debug;
		};
		FCEA2B7B205610350031BAC9 /* Release */ = {
			isa = XCBuildConfiguration;
			buildSettings = {
				ASSETCATALOG_COMPILER_APPICON_NAME = AppIcon;
				CODE_SIGN_STYLE = Automatic;
				INFOPLIST_FILE = todoApp/Info.plist;
				LD_RUNPATH_SEARCH_PATHS = "$(inherited) @executable_path/Frameworks";
				PRODUCT_BUNDLE_IDENTIFIER = com.KaranGupta.todoApp;
				PRODUCT_NAME = "$(TARGET_NAME)";
				SWIFT_VERSION = 4.0;
				TARGETED_DEVICE_FAMILY = "1,2";
			};
			name = Release;
		};
		FCEA2B7D205610350031BAC9 /* Debug */ = {
			isa = XCBuildConfiguration;
			buildSettings = {
				ALWAYS_EMBED_SWIFT_STANDARD_LIBRARIES = YES;
				BUNDLE_LOADER = "$(TEST_HOST)";
				CODE_SIGN_STYLE = Automatic;
				INFOPLIST_FILE = todoAppTests/Info.plist;
				LD_RUNPATH_SEARCH_PATHS = "$(inherited) @executable_path/Frameworks @loader_path/Frameworks";
				PRODUCT_BUNDLE_IDENTIFIER = com.KaranGupta.todoAppTests;
				PRODUCT_NAME = "$(TARGET_NAME)";
				SWIFT_VERSION = 4.0;
				TARGETED_DEVICE_FAMILY = "1,2";
				TEST_HOST = "$(BUILT_PRODUCTS_DIR)/todoApp.app/todoApp";
			};
			name = Debug;
		};
		FCEA2B7E205610350031BAC9 /* Release */ = {
			isa = XCBuildConfiguration;
			buildSettings = {
				ALWAYS_EMBED_SWIFT_STANDARD_LIBRARIES = YES;
				BUNDLE_LOADER = "$(TEST_HOST)";
				CODE_SIGN_STYLE = Automatic;
				INFOPLIST_FILE = todoAppTests/Info.plist;
				LD_RUNPATH_SEARCH_PATHS = "$(inherited) @executable_path/Frameworks @loader_path/Frameworks";
				PRODUCT_BUNDLE_IDENTIFIER = com.KaranGupta.todoAppTests;
				PRODUCT_NAME = "$(TARGET_NAME)";
				SWIFT_VERSION = 4.0;
				TARGETED_DEVICE_FAMILY = "1,2";
				TEST_HOST = "$(BUILT_PRODUCTS_DIR)/todoApp.app/todoApp";
			};
			name = Release;
		};
		FCEA2B80205610350031BAC9 /* Debug */ = {
			isa = XCBuildConfiguration;
			buildSettings = {
				ALWAYS_EMBED_SWIFT_STANDARD_LIBRARIES = YES;
				CODE_SIGN_STYLE = Automatic;
				INFOPLIST_FILE = todoAppUITests/Info.plist;
				LD_RUNPATH_SEARCH_PATHS = "$(inherited) @executable_path/Frameworks @loader_path/Frameworks";
				PRODUCT_BUNDLE_IDENTIFIER = com.KaranGupta.todoAppUITests;
				PRODUCT_NAME = "$(TARGET_NAME)";
				SWIFT_VERSION = 4.0;
				TARGETED_DEVICE_FAMILY = "1,2";
				TEST_TARGET_NAME = todoApp;
			};
			name = Debug;
		};
		FCEA2B81205610350031BAC9 /* Release */ = {
			isa = XCBuildConfiguration;
			buildSettings = {
				ALWAYS_EMBED_SWIFT_STANDARD_LIBRARIES = YES;
				CODE_SIGN_STYLE = Automatic;
				INFOPLIST_FILE = todoAppUITests/Info.plist;
				LD_RUNPATH_SEARCH_PATHS = "$(inherited) @executable_path/Frameworks @loader_path/Frameworks";
				PRODUCT_BUNDLE_IDENTIFIER = com.KaranGupta.todoAppUITests;
				PRODUCT_NAME = "$(TARGET_NAME)";
				SWIFT_VERSION = 4.0;
				TARGETED_DEVICE_FAMILY = "1,2";
				TEST_TARGET_NAME = todoApp;
			};
			name = Release;
		};
/* End XCBuildConfiguration section */

/* Begin XCConfigurationList section */
		FCEA2B4C205610340031BAC9 /* Build configuration list for PBXProject "todoApp" */ = {
			isa = XCConfigurationList;
			buildConfigurations = (
				FCEA2B77205610350031BAC9 /* Debug */,
				FCEA2B78205610350031BAC9 /* Release */,
			);
			defaultConfigurationIsVisible = 0;
			defaultConfigurationName = Release;
		};
		FCEA2B79205610350031BAC9 /* Build configuration list for PBXNativeTarget "todoApp" */ = {
			isa = XCConfigurationList;
			buildConfigurations = (
				FCEA2B7A205610350031BAC9 /* Debug */,
				FCEA2B7B205610350031BAC9 /* Release */,
			);
			defaultConfigurationIsVisible = 0;
			defaultConfigurationName = Release;
		};
		FCEA2B7C205610350031BAC9 /* Build configuration list for PBXNativeTarget "todoAppTests" */ = {
			isa = XCConfigurationList;
			buildConfigurations = (
				FCEA2B7D205610350031BAC9 /* Debug */,
				FCEA2B7E205610350031BAC9 /* Release */,
			);
			defaultConfigurationIsVisible = 0;
			defaultConfigurationName = Release;
		};
		FCEA2B7F205610350031BAC9 /* Build configuration list for PBXNativeTarget "todoAppUITests" */ = {
			isa = XCConfigurationList;
			buildConfigurations = (
				FCEA2B80205610350031BAC9 /* Debug */,
				FCEA2B81205610350031BAC9 /* Release */,
			);
			defaultConfigurationIsVisible = 0;
			defaultConfigurationName = Release;
		};
/* End XCConfigurationList section */
	};
	rootObject = FCEA2B49205610340031BAC9 /* Project object */;
}
